// !$*UTF8*$!
{
	archiveVersion = 1;
	classes = {
	};
	objectVersion = 50;
	objects = {

/* Begin PBXBuildFile section */
		4085320225C1C10E00B2267C /* AppDelegate.swift in Sources */ = {isa = PBXBuildFile; fileRef = 4085320125C1C10E00B2267C /* AppDelegate.swift */; };
		4085320425C1C10E00B2267C /* ViewController.swift in Sources */ = {isa = PBXBuildFile; fileRef = 4085320325C1C10E00B2267C /* ViewController.swift */; };
		4085320625C1C11A00B2267C /* Assets.xcassets in Resources */ = {isa = PBXBuildFile; fileRef = 4085320525C1C11A00B2267C /* Assets.xcassets */; };
		4085320925C1C11A00B2267C /* Main.storyboard in Resources */ = {isa = PBXBuildFile; fileRef = 4085320725C1C11A00B2267C /* Main.storyboard */; };
		4085321525C1C11A00B2267C /* KeepOverlayTranslationTests.swift in Sources */ = {isa = PBXBuildFile; fileRef = 4085321425C1C11A00B2267C /* KeepOverlayTranslationTests.swift */; };
		4085322025C1C11A00B2267C /* KeepOverlayTranslationUITests.swift in Sources */ = {isa = PBXBuildFile; fileRef = 4085321F25C1C11A00B2267C /* KeepOverlayTranslationUITests.swift */; };
		4085323225C1C18A00B2267C /* WebKit.framework in Frameworks */ = {isa = PBXBuildFile; fileRef = 4085323125C1C18A00B2267C /* WebKit.framework */; };
/* End PBXBuildFile section */

/* Begin PBXContainerItemProxy section */
		4085321125C1C11A00B2267C /* PBXContainerItemProxy */ = {
			isa = PBXContainerItemProxy;
			containerPortal = 408531F625C1C10E00B2267C /* Project object */;
			proxyType = 1;
			remoteGlobalIDString = 408531FD25C1C10E00B2267C;
			remoteInfo = KeepOverlayTranslation;
		};
		4085321C25C1C11A00B2267C /* PBXContainerItemProxy */ = {
			isa = PBXContainerItemProxy;
			containerPortal = 408531F625C1C10E00B2267C /* Project object */;
			proxyType = 1;
			remoteGlobalIDString = 408531FD25C1C10E00B2267C;
			remoteInfo = KeepOverlayTranslation;
		};
/* End PBXContainerItemProxy section */

/* Begin PBXFileReference section */
		408531FE25C1C10E00B2267C /* KeepOverlayTranslation.app */ = {isa = PBXFileReference; explicitFileType = wrapper.application; includeInIndex = 0; path = KeepOverlayTranslation.app; sourceTree = BUILT_PRODUCTS_DIR; };
		4085320125C1C10E00B2267C /* AppDelegate.swift */ = {isa = PBXFileReference; lastKnownFileType = sourcecode.swift; path = AppDelegate.swift; sourceTree = "<group>"; };
		4085320325C1C10E00B2267C /* ViewController.swift */ = {isa = PBXFileReference; lastKnownFileType = sourcecode.swift; path = ViewController.swift; sourceTree = "<group>"; };
		4085320525C1C11A00B2267C /* Assets.xcassets */ = {isa = PBXFileReference; lastKnownFileType = folder.assetcatalog; path = Assets.xcassets; sourceTree = "<group>"; };
		4085320825C1C11A00B2267C /* Base */ = {isa = PBXFileReference; lastKnownFileType = file.storyboard; name = Base; path = Base.lproj/Main.storyboard; sourceTree = "<group>"; };
		4085320A25C1C11A00B2267C /* Info.plist */ = {isa = PBXFileReference; lastKnownFileType = text.plist.xml; path = Info.plist; sourceTree = "<group>"; };
		4085320B25C1C11A00B2267C /* KeepOverlayTranslation.entitlements */ = {isa = PBXFileReference; lastKnownFileType = text.plist.entitlements; path = KeepOverlayTranslation.entitlements; sourceTree = "<group>"; };
		4085321025C1C11A00B2267C /* KeepOverlayTranslationTests.xctest */ = {isa = PBXFileReference; explicitFileType = wrapper.cfbundle; includeInIndex = 0; path = KeepOverlayTranslationTests.xctest; sourceTree = BUILT_PRODUCTS_DIR; };
		4085321425C1C11A00B2267C /* KeepOverlayTranslationTests.swift */ = {isa = PBXFileReference; lastKnownFileType = sourcecode.swift; path = KeepOverlayTranslationTests.swift; sourceTree = "<group>"; };
		4085321625C1C11A00B2267C /* Info.plist */ = {isa = PBXFileReference; lastKnownFileType = text.plist.xml; path = Info.plist; sourceTree = "<group>"; };
		4085321B25C1C11A00B2267C /* KeepOverlayTranslationUITests.xctest */ = {isa = PBXFileReference; explicitFileType = wrapper.cfbundle; includeInIndex = 0; path = KeepOverlayTranslationUITests.xctest; sourceTree = BUILT_PRODUCTS_DIR; };
		4085321F25C1C11A00B2267C /* KeepOverlayTranslationUITests.swift */ = {isa = PBXFileReference; lastKnownFileType = sourcecode.swift; path = KeepOverlayTranslationUITests.swift; sourceTree = "<group>"; };
		4085322125C1C11A00B2267C /* Info.plist */ = {isa = PBXFileReference; lastKnownFileType = text.plist.xml; path = Info.plist; sourceTree = "<group>"; };
		4085323125C1C18A00B2267C /* WebKit.framework */ = {isa = PBXFileReference; lastKnownFileType = wrapper.framework; name = WebKit.framework; path = System/Library/Frameworks/WebKit.framework; sourceTree = SDKROOT; };
/* End PBXFileReference section */

/* Begin PBXFrameworksBuildPhase section */
		408531FB25C1C10E00B2267C /* Frameworks */ = {
			isa = PBXFrameworksBuildPhase;
			buildActionMask = 2147483647;
			files = (
				4085323225C1C18A00B2267C /* WebKit.framework in Frameworks */,
			);
			runOnlyForDeploymentPostprocessing = 0;
		};
		4085320D25C1C11A00B2267C /* Frameworks */ = {
			isa = PBXFrameworksBuildPhase;
			buildActionMask = 2147483647;
			files = (
			);
			runOnlyForDeploymentPostprocessing = 0;
		};
		4085321825C1C11A00B2267C /* Frameworks */ = {
			isa = PBXFrameworksBuildPhase;
			buildActionMask = 2147483647;
			files = (
			);
			runOnlyForDeploymentPostprocessing = 0;
		};
/* End PBXFrameworksBuildPhase section */

/* Begin PBXGroup section */
		408531F525C1C10E00B2267C = {
			isa = PBXGroup;
			children = (
				4085320025C1C10E00B2267C /* KeepOverlayTranslation */,
				4085321325C1C11A00B2267C /* KeepOverlayTranslationTests */,
				4085321E25C1C11A00B2267C /* KeepOverlayTranslationUITests */,
				408531FF25C1C10E00B2267C /* Products */,
				4085323025C1C18900B2267C /* Frameworks */,
			);
			sourceTree = "<group>";
		};
		408531FF25C1C10E00B2267C /* Products */ = {
			isa = PBXGroup;
			children = (
				408531FE25C1C10E00B2267C /* KeepOverlayTranslation.app */,
				4085321025C1C11A00B2267C /* KeepOverlayTranslationTests.xctest */,
				4085321B25C1C11A00B2267C /* KeepOverlayTranslationUITests.xctest */,
			);
			name = Products;
			sourceTree = "<group>";
		};
		4085320025C1C10E00B2267C /* KeepOverlayTranslation */ = {
			isa = PBXGroup;
			children = (
				4085320125C1C10E00B2267C /* AppDelegate.swift */,
				4085320325C1C10E00B2267C /* ViewController.swift */,
				4085320525C1C11A00B2267C /* Assets.xcassets */,
				4085320725C1C11A00B2267C /* Main.storyboard */,
				4085320A25C1C11A00B2267C /* Info.plist */,
				4085320B25C1C11A00B2267C /* KeepOverlayTranslation.entitlements */,
			);
			path = KeepOverlayTranslation;
			sourceTree = "<group>";
		};
		4085321325C1C11A00B2267C /* KeepOverlayTranslationTests */ = {
			isa = PBXGroup;
			children = (
				4085321425C1C11A00B2267C /* KeepOverlayTranslationTests.swift */,
				4085321625C1C11A00B2267C /* Info.plist */,
			);
			path = KeepOverlayTranslationTests;
			sourceTree = "<group>";
		};
		4085321E25C1C11A00B2267C /* KeepOverlayTranslationUITests */ = {
			isa = PBXGroup;
			children = (
				4085321F25C1C11A00B2267C /* KeepOverlayTranslationUITests.swift */,
				4085322125C1C11A00B2267C /* Info.plist */,
			);
			path = KeepOverlayTranslationUITests;
			sourceTree = "<group>";
		};
		4085323025C1C18900B2267C /* Frameworks */ = {
			isa = PBXGroup;
			children = (
				4085323125C1C18A00B2267C /* WebKit.framework */,
			);
			name = Frameworks;
			sourceTree = "<group>";
		};
/* End PBXGroup section */

/* Begin PBXNativeTarget section */
		408531FD25C1C10E00B2267C /* KeepOverlayTranslation */ = {
			isa = PBXNativeTarget;
			buildConfigurationList = 4085322425C1C11A00B2267C /* Build configuration list for PBXNativeTarget "KeepOverlayTranslation" */;
			buildPhases = (
				408531FA25C1C10E00B2267C /* Sources */,
				408531FB25C1C10E00B2267C /* Frameworks */,
				408531FC25C1C10E00B2267C /* Resources */,
			);
			buildRules = (
			);
			dependencies = (
			);
			name = KeepOverlayTranslation;
			productName = KeepOverlayTranslation;
			productReference = 408531FE25C1C10E00B2267C /* KeepOverlayTranslation.app */;
			productType = "com.apple.product-type.application";
		};
		4085320F25C1C11A00B2267C /* KeepOverlayTranslationTests */ = {
			isa = PBXNativeTarget;
			buildConfigurationList = 4085322725C1C11A00B2267C /* Build configuration list for PBXNativeTarget "KeepOverlayTranslationTests" */;
			buildPhases = (
				4085320C25C1C11A00B2267C /* Sources */,
				4085320D25C1C11A00B2267C /* Frameworks */,
				4085320E25C1C11A00B2267C /* Resources */,
			);
			buildRules = (
			);
			dependencies = (
				4085321225C1C11A00B2267C /* PBXTargetDependency */,
			);
			name = KeepOverlayTranslationTests;
			productName = KeepOverlayTranslationTests;
			productReference = 4085321025C1C11A00B2267C /* KeepOverlayTranslationTests.xctest */;
			productType = "com.apple.product-type.bundle.unit-test";
		};
		4085321A25C1C11A00B2267C /* KeepOverlayTranslationUITests */ = {
			isa = PBXNativeTarget;
			buildConfigurationList = 4085322A25C1C11A00B2267C /* Build configuration list for PBXNativeTarget "KeepOverlayTranslationUITests" */;
			buildPhases = (
				4085321725C1C11A00B2267C /* Sources */,
				4085321825C1C11A00B2267C /* Frameworks */,
				4085321925C1C11A00B2267C /* Resources */,
			);
			buildRules = (
			);
			dependencies = (
				4085321D25C1C11A00B2267C /* PBXTargetDependency */,
			);
			name = KeepOverlayTranslationUITests;
			productName = KeepOverlayTranslationUITests;
			productReference = 4085321B25C1C11A00B2267C /* KeepOverlayTranslationUITests.xctest */;
			productType = "com.apple.product-type.bundle.ui-testing";
		};
/* End PBXNativeTarget section */

/* Begin PBXProject section */
		408531F625C1C10E00B2267C /* Project object */ = {
			isa = PBXProject;
			attributes = {
				LastSwiftUpdateCheck = 1230;
				LastUpgradeCheck = 1230;
				TargetAttributes = {
					408531FD25C1C10E00B2267C = {
						CreatedOnToolsVersion = 12.3;
					};
					4085320F25C1C11A00B2267C = {
						CreatedOnToolsVersion = 12.3;
						TestTargetID = 408531FD25C1C10E00B2267C;
					};
					4085321A25C1C11A00B2267C = {
						CreatedOnToolsVersion = 12.3;
						TestTargetID = 408531FD25C1C10E00B2267C;
					};
				};
			};
			buildConfigurationList = 408531F925C1C10E00B2267C /* Build configuration list for PBXProject "KeepOverlayTranslation" */;
			compatibilityVersion = "Xcode 9.3";
			developmentRegion = en;
			hasScannedForEncodings = 0;
			knownRegions = (
				en,
				Base,
			);
			mainGroup = 408531F525C1C10E00B2267C;
			productRefGroup = 408531FF25C1C10E00B2267C /* Products */;
			projectDirPath = "";
			projectRoot = "";
			targets = (
				408531FD25C1C10E00B2267C /* KeepOverlayTranslation */,
				4085320F25C1C11A00B2267C /* KeepOverlayTranslationTests */,
				4085321A25C1C11A00B2267C /* KeepOverlayTranslationUITests */,
			);
		};
/* End PBXProject section */

/* Begin PBXResourcesBuildPhase section */
		408531FC25C1C10E00B2267C /* Resources */ = {
			isa = PBXResourcesBuildPhase;
			buildActionMask = 2147483647;
			files = (
				4085320625C1C11A00B2267C /* Assets.xcassets in Resources */,
				4085320925C1C11A00B2267C /* Main.storyboard in Resources */,
			);
			runOnlyForDeploymentPostprocessing = 0;
		};
		4085320E25C1C11A00B2267C /* Resources */ = {
			isa = PBXResourcesBuildPhase;
			buildActionMask = 2147483647;
			files = (
			);
			runOnlyForDeploymentPostprocessing = 0;
		};
		4085321925C1C11A00B2267C /* Resources */ = {
			isa = PBXResourcesBuildPhase;
			buildActionMask = 2147483647;
			files = (
			);
			runOnlyForDeploymentPostprocessing = 0;
		};
/* End PBXResourcesBuildPhase section */

/* Begin PBXSourcesBuildPhase section */
		408531FA25C1C10E00B2267C /* Sources */ = {
			isa = PBXSourcesBuildPhase;
			buildActionMask = 2147483647;
			files = (
				4085320425C1C10E00B2267C /* ViewController.swift in Sources */,
				4085320225C1C10E00B2267C /* AppDelegate.swift in Sources */,
			);
			runOnlyForDeploymentPostprocessing = 0;
		};
		4085320C25C1C11A00B2267C /* Sources */ = {
			isa = PBXSourcesBuildPhase;
			buildActionMask = 2147483647;
			files = (
				4085321525C1C11A00B2267C /* KeepOverlayTranslationTests.swift in Sources */,
			);
			runOnlyForDeploymentPostprocessing = 0;
		};
		4085321725C1C11A00B2267C /* Sources */ = {
			isa = PBXSourcesBuildPhase;
			buildActionMask = 2147483647;
			files = (
				4085322025C1C11A00B2267C /* KeepOverlayTranslationUITests.swift in Sources */,
			);
			runOnlyForDeploymentPostprocessing = 0;
		};
/* End PBXSourcesBuildPhase section */

/* Begin PBXTargetDependency section */
		4085321225C1C11A00B2267C /* PBXTargetDependency */ = {
			isa = PBXTargetDependency;
			target = 408531FD25C1C10E00B2267C /* KeepOverlayTranslation */;
			targetProxy = 4085321125C1C11A00B2267C /* PBXContainerItemProxy */;
		};
		4085321D25C1C11A00B2267C /* PBXTargetDependency */ = {
			isa = PBXTargetDependency;
			target = 408531FD25C1C10E00B2267C /* KeepOverlayTranslation */;
			targetProxy = 4085321C25C1C11A00B2267C /* PBXContainerItemProxy */;
		};
/* End PBXTargetDependency section */

/* Begin PBXVariantGroup section */
		4085320725C1C11A00B2267C /* Main.storyboard */ = {
			isa = PBXVariantGroup;
			children = (
				4085320825C1C11A00B2267C /* Base */,
			);
			name = Main.storyboard;
			sourceTree = "<group>";
		};
/* End PBXVariantGroup section */

/* Begin XCBuildConfiguration section */
		4085322225C1C11A00B2267C /* Debug */ = {
			isa = XCBuildConfiguration;
			buildSettings = {
				ALWAYS_SEARCH_USER_PATHS = NO;
				CLANG_ANALYZER_NONNULL = YES;
				CLANG_ANALYZER_NUMBER_OBJECT_CONVERSION = YES_AGGRESSIVE;
				CLANG_CXX_LANGUAGE_STANDARD = "gnu++14";
				CLANG_CXX_LIBRARY = "libc++";
				CLANG_ENABLE_MODULES = YES;
				CLANG_ENABLE_OBJC_ARC = YES;
				CLANG_ENABLE_OBJC_WEAK = YES;
				CLANG_WARN_BLOCK_CAPTURE_AUTORELEASING = YES;
				CLANG_WARN_BOOL_CONVERSION = YES;
				CLANG_WARN_COMMA = YES;
				CLANG_WARN_CONSTANT_CONVERSION = YES;
				CLANG_WARN_DEPRECATED_OBJC_IMPLEMENTATIONS = YES;
				CLANG_WARN_DIRECT_OBJC_ISA_USAGE = YES_ERROR;
				CLANG_WARN_DOCUMENTATION_COMMENTS = YES;
				CLANG_WARN_EMPTY_BODY = YES;
				CLANG_WARN_ENUM_CONVERSION = YES;
				CLANG_WARN_INFINITE_RECURSION = YES;
				CLANG_WARN_INT_CONVERSION = YES;
				CLANG_WARN_NON_LITERAL_NULL_CONVERSION = YES;
				CLANG_WARN_OBJC_IMPLICIT_RETAIN_SELF = YES;
				CLANG_WARN_OBJC_LITERAL_CONVERSION = YES;
				CLANG_WARN_OBJC_ROOT_CLASS = YES_ERROR;
				CLANG_WARN_QUOTED_INCLUDE_IN_FRAMEWORK_HEADER = YES;
				CLANG_WARN_RANGE_LOOP_ANALYSIS = YES;
				CLANG_WARN_STRICT_PROTOTYPES = YES;
				CLANG_WARN_SUSPICIOUS_MOVE = YES;
				CLANG_WARN_UNGUARDED_AVAILABILITY = YES_AGGRESSIVE;
				CLANG_WARN_UNREACHABLE_CODE = YES;
				CLANG_WARN__DUPLICATE_METHOD_MATCH = YES;
				COPY_PHASE_STRIP = NO;
				DEBUG_INFORMATION_FORMAT = dwarf;
				ENABLE_STRICT_OBJC_MSGSEND = YES;
				ENABLE_TESTABILITY = YES;
				GCC_C_LANGUAGE_STANDARD = gnu11;
				GCC_DYNAMIC_NO_PIC = NO;
				GCC_NO_COMMON_BLOCKS = YES;
				GCC_OPTIMIZATION_LEVEL = 0;
				GCC_PREPROCESSOR_DEFINITIONS = (
					"DEBUG=1",
					"$(inherited)",
				);
				GCC_WARN_64_TO_32_BIT_CONVERSION = YES;
				GCC_WARN_ABOUT_RETURN_TYPE = YES_ERROR;
				GCC_WARN_UNDECLARED_SELECTOR = YES;
				GCC_WARN_UNINITIALIZED_AUTOS = YES_AGGRESSIVE;
				GCC_WARN_UNUSED_FUNCTION = YES;
				GCC_WARN_UNUSED_VARIABLE = YES;
				MACOSX_DEPLOYMENT_TARGET = 11.1;
				MTL_ENABLE_DEBUG_INFO = INCLUDE_SOURCE;
				MTL_FAST_MATH = YES;
				ONLY_ACTIVE_ARCH = YES;
				SDKROOT = macosx;
				SWIFT_ACTIVE_COMPILATION_CONDITIONS = DEBUG;
				SWIFT_OPTIMIZATION_LEVEL = "-Onone";
			};
			name = Debug;
		};
		4085322325C1C11A00B2267C /* Release */ = {
			isa = XCBuildConfiguration;
			buildSettings = {
				ALWAYS_SEARCH_USER_PATHS = NO;
				CLANG_ANALYZER_NONNULL = YES;
				CLANG_ANALYZER_NUMBER_OBJECT_CONVERSION = YES_AGGRESSIVE;
				CLANG_CXX_LANGUAGE_STANDARD = "gnu++14";
				CLANG_CXX_LIBRARY = "libc++";
				CLANG_ENABLE_MODULES = YES;
				CLANG_ENABLE_OBJC_ARC = YES;
				CLANG_ENABLE_OBJC_WEAK = YES;
				CLANG_WARN_BLOCK_CAPTURE_AUTORELEASING = YES;
				CLANG_WARN_BOOL_CONVERSION = YES;
				CLANG_WARN_COMMA = YES;
				CLANG_WARN_CONSTANT_CONVERSION = YES;
				CLANG_WARN_DEPRECATED_OBJC_IMPLEMENTATIONS = YES;
				CLANG_WARN_DIRECT_OBJC_ISA_USAGE = YES_ERROR;
				CLANG_WARN_DOCUMENTATION_COMMENTS = YES;
				CLANG_WARN_EMPTY_BODY = YES;
				CLANG_WARN_ENUM_CONVERSION = YES;
				CLANG_WARN_INFINITE_RECURSION = YES;
				CLANG_WARN_INT_CONVERSION = YES;
				CLANG_WARN_NON_LITERAL_NULL_CONVERSION = YES;
				CLANG_WARN_OBJC_IMPLICIT_RETAIN_SELF = YES;
				CLANG_WARN_OBJC_LITERAL_CONVERSION = YES;
				CLANG_WARN_OBJC_ROOT_CLASS = YES_ERROR;
				CLANG_WARN_QUOTED_INCLUDE_IN_FRAMEWORK_HEADER = YES;
				CLANG_WARN_RANGE_LOOP_ANALYSIS = YES;
				CLANG_WARN_STRICT_PROTOTYPES = YES;
				CLANG_WARN_SUSPICIOUS_MOVE = YES;
				CLANG_WARN_UNGUARDED_AVAILABILITY = YES_AGGRESSIVE;
				CLANG_WARN_UNREACHABLE_CODE = YES;
				CLANG_WARN__DUPLICATE_METHOD_MATCH = YES;
				COPY_PHASE_STRIP = NO;
				DEBUG_INFORMATION_FORMAT = "dwarf-with-dsym";
				ENABLE_NS_ASSERTIONS = NO;
				ENABLE_STRICT_OBJC_MSGSEND = YES;
				GCC_C_LANGUAGE_STANDARD = gnu11;
				GCC_NO_COMMON_BLOCKS = YES;
				GCC_WARN_64_TO_32_BIT_CONVERSION = YES;
				GCC_WARN_ABOUT_RETURN_TYPE = YES_ERROR;
				GCC_WARN_UNDECLARED_SELECTOR = YES;
				GCC_WARN_UNINITIALIZED_AUTOS = YES_AGGRESSIVE;
				GCC_WARN_UNUSED_FUNCTION = YES;
				GCC_WARN_UNUSED_VARIABLE = YES;
				MACOSX_DEPLOYMENT_TARGET = 11.1;
				MTL_ENABLE_DEBUG_INFO = NO;
				MTL_FAST_MATH = YES;
				SDKROOT = macosx;
				SWIFT_COMPILATION_MODE = wholemodule;
				SWIFT_OPTIMIZATION_LEVEL = "-O";
			};
			name = Release;
		};
		4085322525C1C11A00B2267C /* Debug */ = {
			isa = XCBuildConfiguration;
			buildSettings = {
				ASSETCATALOG_COMPILER_APPICON_NAME = AppIcon;
				ASSETCATALOG_COMPILER_GLOBAL_ACCENT_COLOR_NAME = AccentColor;
				CODE_SIGN_ENTITLEMENTS = KeepOverlayTranslation/KeepOverlayTranslation.entitlements;
				CODE_SIGN_STYLE = Automatic;
				COMBINE_HIDPI_IMAGES = YES;
				DEVELOPMENT_TEAM = YFEB7Y934W;
				ENABLE_HARDENED_RUNTIME = YES;
				INFOPLIST_FILE = KeepOverlayTranslation/Info.plist;
				LD_RUNPATH_SEARCH_PATHS = (
					"$(inherited)",
					"@executable_path/../Frameworks",
				);
				PRODUCT_BUNDLE_IDENTIFIER = ccm.KeepOverlayTranslation;
				PRODUCT_NAME = "$(TARGET_NAME)";
				SWIFT_VERSION = 5.0;
			};
			name = Debug;
		};
		4085322625C1C11A00B2267C /* Release */ = {
			isa = XCBuildConfiguration;
			buildSettings = {
				ASSETCATALOG_COMPILER_APPICON_NAME = AppIcon;
				ASSETCATALOG_COMPILER_GLOBAL_ACCENT_COLOR_NAME = AccentColor;
				CODE_SIGN_ENTITLEMENTS = KeepOverlayTranslation/KeepOverlayTranslation.entitlements;
				CODE_SIGN_STYLE = Automatic;
				COMBINE_HIDPI_IMAGES = YES;
				DEVELOPMENT_TEAM = YFEB7Y934W;
				ENABLE_HARDENED_RUNTIME = YES;
				INFOPLIST_FILE = KeepOverlayTranslation/Info.plist;
				LD_RUNPATH_SEARCH_PATHS = (
					"$(inherited)",
					"@executable_path/../Frameworks",
				);
				PRODUCT_BUNDLE_IDENTIFIER = ccm.KeepOverlayTranslation;
				PRODUCT_NAME = "$(TARGET_NAME)";
				SWIFT_VERSION = 5.0;
			};
			name = Release;
		};
		4085322825C1C11A00B2267C /* Debug */ = {
			isa = XCBuildConfiguration;
			buildSettings = {
				ALWAYS_EMBED_SWIFT_STANDARD_LIBRARIES = YES;
				BUNDLE_LOADER = "$(TEST_HOST)";
				CODE_SIGN_STYLE = Automatic;
				COMBINE_HIDPI_IMAGES = YES;
				DEVELOPMENT_TEAM = YFEB7Y934W;
				INFOPLIST_FILE = KeepOverlayTranslationTests/Info.plist;
				LD_RUNPATH_SEARCH_PATHS = (
					"$(inherited)",
					"@executable_path/../Frameworks",
					"@loader_path/../Frameworks",
				);
				MACOSX_DEPLOYMENT_TARGET = 11.1;
				PRODUCT_BUNDLE_IDENTIFIER = ccm.KeepOverlayTranslationTests;
				PRODUCT_NAME = "$(TARGET_NAME)";
				SWIFT_VERSION = 5.0;
				TEST_HOST = "$(BUILT_PRODUCTS_DIR)/KeepOverlayTranslation.app/Contents/MacOS/KeepOverlayTranslation";
			};
			name = Debug;
		};
		4085322925C1C11A00B2267C /* Release */ = {
			isa = XCBuildConfiguration;
			buildSettings = {
				ALWAYS_EMBED_SWIFT_STANDARD_LIBRARIES = YES;
				BUNDLE_LOADER = "$(TEST_HOST)";
				CODE_SIGN_STYLE = Automatic;
				COMBINE_HIDPI_IMAGES = YES;
				DEVELOPMENT_TEAM = YFEB7Y934W;
				INFOPLIST_FILE = KeepOverlayTranslationTests/Info.plist;
				LD_RUNPATH_SEARCH_PATHS = (
					"$(inherited)",
					"@executable_path/../Frameworks",
					"@loader_path/../Frameworks",
				);
				MACOSX_DEPLOYMENT_TARGET = 11.1;
				PRODUCT_BUNDLE_IDENTIFIER = ccm.KeepOverlayTranslationTests;
				PRODUCT_NAME = "$(TARGET_NAME)";
				SWIFT_VERSION = 5.0;
				TEST_HOST = "$(BUILT_PRODUCTS_DIR)/KeepOverlayTranslation.app/Contents/MacOS/KeepOverlayTranslation";
			};
			name = Release;
		};
		4085322B25C1C11A00B2267C /* Debug */ = {
			isa = XCBuildConfiguration;
			buildSettings = {
				ALWAYS_EMBED_SWIFT_STANDARD_LIBRARIES = YES;
				CODE_SIGN_STYLE = Automatic;
				COMBINE_HIDPI_IMAGES = YES;
				DEVELOPMENT_TEAM = YFEB7Y934W;
				INFOPLIST_FILE = KeepOverlayTranslationUITests/Info.plist;
				LD_RUNPATH_SEARCH_PATHS = (
					"$(inherited)",
					"@executable_path/../Frameworks",
					"@loader_path/../Frameworks",
				);
				PRODUCT_BUNDLE_IDENTIFIER = ccm.KeepOverlayTranslationUITests;
				PRODUCT_NAME = "$(TARGET_NAME)";
				SWIFT_VERSION = 5.0;
				TEST_TARGET_NAME = KeepOverlayTranslation;
			};
			name = Debug;
		};
		4085322C25C1C11A00B2267C /* Release */ = {
			isa = XCBuildConfiguration;
			buildSettings = {
				ALWAYS_EMBED_SWIFT_STANDARD_LIBRARIES = YES;
				CODE_SIGN_STYLE = Automatic;
				COMBINE_HIDPI_IMAGES = YES;
				DEVELOPMENT_TEAM = YFEB7Y934W;
				INFOPLIST_FILE = KeepOverlayTranslationUITests/Info.plist;
				LD_RUNPATH_SEARCH_PATHS = (
					"$(inherited)",
					"@executable_path/../Frameworks",
					"@loader_path/../Frameworks",
				);
				PRODUCT_BUNDLE_IDENTIFIER = ccm.KeepOverlayTranslationUITests;
				PRODUCT_NAME = "$(TARGET_NAME)";
				SWIFT_VERSION = 5.0;
				TEST_TARGET_NAME = KeepOverlayTranslation;
			};
			name = Release;
		};
/* End XCBuildConfiguration section */

/* Begin XCConfigurationList section */
		408531F925C1C10E00B2267C /* Build configuration list for PBXProject "KeepOverlayTranslation" */ = {
			isa = XCConfigurationList;
			buildConfigurations = (
				4085322225C1C11A00B2267C /* Debug */,
				4085322325C1C11A00B2267C /* Release */,
			);
			defaultConfigurationIsVisible = 0;
			defaultConfigurationName = Release;
		};
		4085322425C1C11A00B2267C /* Build configuration list for PBXNativeTarget "KeepOverlayTranslation" */ = {
			isa = XCConfigurationList;
			buildConfigurations = (
				4085322525C1C11A00B2267C /* Debug */,
				4085322625C1C11A00B2267C /* Release */,
			);
			defaultConfigurationIsVisible = 0;
			defaultConfigurationName = Release;
		};
		4085322725C1C11A00B2267C /* Build configuration list for PBXNativeTarget "KeepOverlayTranslationTests" */ = {
			isa = XCConfigurationList;
			buildConfigurations = (
				4085322825C1C11A00B2267C /* Debug */,
				4085322925C1C11A00B2267C /* Release */,
			);
			defaultConfigurationIsVisible = 0;
			defaultConfigurationName = Release;
		};
		4085322A25C1C11A00B2267C /* Build configuration list for PBXNativeTarget "KeepOverlayTranslationUITests" */ = {
			isa = XCConfigurationList;
			buildConfigurations = (
				4085322B25C1C11A00B2267C /* Debug */,
				4085322C25C1C11A00B2267C /* Release */,
			);
			defaultConfigurationIsVisible = 0;
			defaultConfigurationName = Release;
		};
/* End XCConfigurationList section */
	};
	rootObject = 408531F625C1C10E00B2267C /* Project object */;
}
